
Microsoft Visual Studio Solution File, Format Version 12.00
# Visual Studio Version 17
VisualStudioVersion = 17.0.32112.339
MinimumVisualStudioVersion = 10.0.40219.1
Project("{FAE04EC0-301F-11D3-BF4B-00C04F79EFBC}") = "ExampleAPI", "ExampleAPI\ExampleAPI.csproj", "{864340A2-2028-4376-B1F9-160128448323}"
EndProject
Project("{00D1A9C2-B5F0-4AF3-8072-F6C62B433612}") = "ExampleAPI.DB", "..\ExampleAPI.DB\ExampleAPI.DB\ExampleAPI.DB.sqlproj", "{72160511-F2B0-4DAE-B6F3-9C7A9D3EAD14}"
EndProject
Global
	GlobalSection(SolutionConfigurationPlatforms) = preSolution
		Debug|Any CPU = Debug|Any CPU
		Release|Any CPU = Release|Any CPU
	EndGlobalSection
	GlobalSection(ProjectConfigurationPlatforms) = postSolution
		{864340A2-2028-4376-B1F9-160128448323}.Debug|Any CPU.ActiveCfg = Debug|Any CPU
		{864340A2-2028-4376-B1F9-160128448323}.Debug|Any CPU.Build.0 = Debug|Any CPU
		{864340A2-2028-4376-B1F9-160128448323}.Release|Any CPU.ActiveCfg = Release|Any CPU
		{864340A2-2028-4376-B1F9-160128448323}.Release|Any CPU.Build.0 = Release|Any CPU
		{72160511-F2B0-4DAE-B6F3-9C7A9D3EAD14}.Debug|Any CPU.ActiveCfg = Debug|Any CPU
		{72160511-F2B0-4DAE-B6F3-9C7A9D3EAD14}.Debug|Any CPU.Build.0 = Debug|Any CPU
		{72160511-F2B0-4DAE-B6F3-9C7A9D3EAD14}.Debug|Any CPU.Deploy.0 = Debug|Any CPU
		{72160511-F2B0-4DAE-B6F3-9C7A9D3EAD14}.Release|Any CPU.ActiveCfg = Release|Any CPU
		{72160511-F2B0-4DAE-B6F3-9C7A9D3EAD14}.Release|Any CPU.Build.0 = Release|Any CPU
		{72160511-F2B0-4DAE-B6F3-9C7A9D3EAD14}.Release|Any CPU.Deploy.0 = Release|Any CPU
	EndGlobalSection
	GlobalSection(SolutionProperties) = preSolution
		HideSolutionNode = FALSE
	EndGlobalSection
	GlobalSection(ExtensibilityGlobals) = postSolution
		SolutionGuid = {119C05AF-126D-4BBB-AB69-0D79A3445B0C}
	EndGlobalSection
EndGlobal
